// !$*UTF8*$!
{
	archiveVersion = 1;
	classes = {
	};
	objectVersion = 46;
	objects = {

/* Begin PBXBuildFile section */
		BE3424B51AB2A3220069016F /* AppDelegate.swift in Sources */ = {isa = PBXBuildFile; fileRef = BE3424B41AB2A3220069016F /* AppDelegate.swift */; };
		BE3424B71AB2A3220069016F /* ViewController.swift in Sources */ = {isa = PBXBuildFile; fileRef = BE3424B61AB2A3220069016F /* ViewController.swift */; };
		BE3424BA1AB2A3220069016F /* Main.storyboard in Resources */ = {isa = PBXBuildFile; fileRef = BE3424B81AB2A3220069016F /* Main.storyboard */; };
		BE3424BC1AB2A3220069016F /* Images.xcassets in Resources */ = {isa = PBXBuildFile; fileRef = BE3424BB1AB2A3220069016F /* Images.xcassets */; };
		BE3424BF1AB2A3220069016F /* LaunchScreen.xib in Resources */ = {isa = PBXBuildFile; fileRef = BE3424BD1AB2A3220069016F /* LaunchScreen.xib */; };
		BE3424CB1AB2A3220069016F /* WatchKitUITests.swift in Sources */ = {isa = PBXBuildFile; fileRef = BE3424CA1AB2A3220069016F /* WatchKitUITests.swift */; };
		BE3424D61AB2A3EE0069016F /* LICENSE in Resources */ = {isa = PBXBuildFile; fileRef = BE3424D41AB2A3EE0069016F /* LICENSE */; };
		BE3424E11AB2A4660069016F /* InterfaceController.swift in Sources */ = {isa = PBXBuildFile; fileRef = BE3424E01AB2A4660069016F /* InterfaceController.swift */; };
		BE3424E31AB2A4660069016F /* Images.xcassets in Resources */ = {isa = PBXBuildFile; fileRef = BE3424E21AB2A4660069016F /* Images.xcassets */; };
		BE3424E71AB2A4660069016F /* WatchKitUI WatchKit App.app in Resources */ = {isa = PBXBuildFile; fileRef = BE3424E61AB2A4660069016F /* WatchKitUI WatchKit App.app */; };
		BE3424EF1AB2A4660069016F /* Interface.storyboard in Resources */ = {isa = PBXBuildFile; fileRef = BE3424ED1AB2A4660069016F /* Interface.storyboard */; };
		BE3424F11AB2A4660069016F /* Images.xcassets in Resources */ = {isa = PBXBuildFile; fileRef = BE3424F01AB2A4660069016F /* Images.xcassets */; };
		BE3424F41AB2A4660069016F /* WatchKitUI WatchKit Extension.appex in Embed App Extensions */ = {isa = PBXBuildFile; fileRef = BE3424DC1AB2A4660069016F /* WatchKitUI WatchKit Extension.appex */; settings = {ATTRIBUTES = (RemoveHeadersOnCopy, ); }; };
/* End PBXBuildFile section */

/* Begin PBXContainerItemProxy section */
		BE3424C51AB2A3220069016F /* PBXContainerItemProxy */ = {
			isa = PBXContainerItemProxy;
			containerPortal = BE3424A71AB2A3220069016F /* Project object */;
			proxyType = 1;
			remoteGlobalIDString = BE3424AE1AB2A3220069016F;
			remoteInfo = WatchKitUI;
		};
		BE3424E81AB2A4660069016F /* PBXContainerItemProxy */ = {
			isa = PBXContainerItemProxy;
			containerPortal = BE3424A71AB2A3220069016F /* Project object */;
			proxyType = 1;
			remoteGlobalIDString = BE3424E51AB2A4660069016F;
			remoteInfo = "WatchKitUI WatchKit App";
		};
		BE3424F21AB2A4660069016F /* PBXContainerItemProxy */ = {
			isa = PBXContainerItemProxy;
			containerPortal = BE3424A71AB2A3220069016F /* Project object */;
			proxyType = 1;
			remoteGlobalIDString = BE3424DB1AB2A4660069016F;
			remoteInfo = "WatchKitUI WatchKit Extension";
		};
/* End PBXContainerItemProxy section */

/* Begin PBXCopyFilesBuildPhase section */
		BE3424FB1AB2A4660069016F /* Embed App Extensions */ = {
			isa = PBXCopyFilesBuildPhase;
			buildActionMask = 2147483647;
			dstPath = "";
			dstSubfolderSpec = 13;
			files = (
				BE3424F41AB2A4660069016F /* WatchKitUI WatchKit Extension.appex in Embed App Extensions */,
			);
			name = "Embed App Extensions";
			runOnlyForDeploymentPostprocessing = 0;
		};
/* End PBXCopyFilesBuildPhase section */

/* Begin PBXFileReference section */
		BE3424AF1AB2A3220069016F /* WatchKitUI.app */ = {isa = PBXFileReference; explicitFileType = wrapper.application; includeInIndex = 0; path = WatchKitUI.app; sourceTree = BUILT_PRODUCTS_DIR; };
		BE3424B31AB2A3220069016F /* Info.plist */ = {isa = PBXFileReference; lastKnownFileType = text.plist.xml; path = Info.plist; sourceTree = "<group>"; };
		BE3424B41AB2A3220069016F /* AppDelegate.swift */ = {isa = PBXFileReference; lastKnownFileType = sourcecode.swift; path = AppDelegate.swift; sourceTree = "<group>"; };
		BE3424B61AB2A3220069016F /* ViewController.swift */ = {isa = PBXFileReference; lastKnownFileType = sourcecode.swift; path = ViewController.swift; sourceTree = "<group>"; };
		BE3424B91AB2A3220069016F /* Base */ = {isa = PBXFileReference; lastKnownFileType = file.storyboard; name = Base; path = Base.lproj/Main.storyboard; sourceTree = "<group>"; };
		BE3424BB1AB2A3220069016F /* Images.xcassets */ = {isa = PBXFileReference; lastKnownFileType = folder.assetcatalog; path = Images.xcassets; sourceTree = "<group>"; };
		BE3424BE1AB2A3220069016F /* Base */ = {isa = PBXFileReference; lastKnownFileType = file.xib; name = Base; path = Base.lproj/LaunchScreen.xib; sourceTree = "<group>"; };
		BE3424C41AB2A3220069016F /* WatchKitUITests.xctest */ = {isa = PBXFileReference; explicitFileType = wrapper.cfbundle; includeInIndex = 0; path = WatchKitUITests.xctest; sourceTree = BUILT_PRODUCTS_DIR; };
		BE3424C91AB2A3220069016F /* Info.plist */ = {isa = PBXFileReference; lastKnownFileType = text.plist.xml; path = Info.plist; sourceTree = "<group>"; };
		BE3424CA1AB2A3220069016F /* WatchKitUITests.swift */ = {isa = PBXFileReference; lastKnownFileType = sourcecode.swift; path = WatchKitUITests.swift; sourceTree = "<group>"; };
		BE3424D41AB2A3EE0069016F /* LICENSE */ = {isa = PBXFileReference; fileEncoding = 4; lastKnownFileType = text; path = LICENSE; sourceTree = "<group>"; };
		BE3424D51AB2A3EE0069016F /* README.md */ = {isa = PBXFileReference; fileEncoding = 4; lastKnownFileType = net.daringfireball.markdown; path = README.md; sourceTree = "<group>"; };
		BE3424DC1AB2A4660069016F /* WatchKitUI WatchKit Extension.appex */ = {isa = PBXFileReference; explicitFileType = "wrapper.app-extension"; includeInIndex = 0; path = "WatchKitUI WatchKit Extension.appex"; sourceTree = BUILT_PRODUCTS_DIR; };
		BE3424DF1AB2A4660069016F /* Info.plist */ = {isa = PBXFileReference; lastKnownFileType = text.plist.xml; path = Info.plist; sourceTree = "<group>"; };
		BE3424E01AB2A4660069016F /* InterfaceController.swift */ = {isa = PBXFileReference; lastKnownFileType = sourcecode.swift; path = InterfaceController.swift; sourceTree = "<group>"; };
		BE3424E21AB2A4660069016F /* Images.xcassets */ = {isa = PBXFileReference; lastKnownFileType = folder.assetcatalog; path = Images.xcassets; sourceTree = "<group>"; };
		BE3424E61AB2A4660069016F /* WatchKitUI WatchKit App.app */ = {isa = PBXFileReference; explicitFileType = wrapper.application; includeInIndex = 0; path = "WatchKitUI WatchKit App.app"; sourceTree = BUILT_PRODUCTS_DIR; };
		BE3424EC1AB2A4660069016F /* Info.plist */ = {isa = PBXFileReference; lastKnownFileType = text.plist.xml; path = Info.plist; sourceTree = "<group>"; };
		BE3424EE1AB2A4660069016F /* Base */ = {isa = PBXFileReference; lastKnownFileType = file.storyboard; name = Base; path = Base.lproj/Interface.storyboard; sourceTree = "<group>"; };
		BE3424F01AB2A4660069016F /* Images.xcassets */ = {isa = PBXFileReference; lastKnownFileType = folder.assetcatalog; path = Images.xcassets; sourceTree = "<group>"; };
/* End PBXFileReference section */

/* Begin PBXFrameworksBuildPhase section */
		BE3424AC1AB2A3220069016F /* Frameworks */ = {
			isa = PBXFrameworksBuildPhase;
			buildActionMask = 2147483647;
			files = (
			);
			runOnlyForDeploymentPostprocessing = 0;
		};
		BE3424C11AB2A3220069016F /* Frameworks */ = {
			isa = PBXFrameworksBuildPhase;
			buildActionMask = 2147483647;
			files = (
			);
			runOnlyForDeploymentPostprocessing = 0;
		};
		BE3424D91AB2A4660069016F /* Frameworks */ = {
			isa = PBXFrameworksBuildPhase;
			buildActionMask = 2147483647;
			files = (
			);
			runOnlyForDeploymentPostprocessing = 0;
		};
/* End PBXFrameworksBuildPhase section */

/* Begin PBXGroup section */
		BE3424A61AB2A3220069016F = {
			isa = PBXGroup;
			children = (
				BE3424D41AB2A3EE0069016F /* LICENSE */,
				BE3424D51AB2A3EE0069016F /* README.md */,
				BE3424B11AB2A3220069016F /* WatchKitUI */,
				BE3424C71AB2A3220069016F /* WatchKitUITests */,
				BE3424DD1AB2A4660069016F /* WatchKitUI WatchKit Extension */,
				BE3424EA1AB2A4660069016F /* WatchKitUI WatchKit App */,
				BE3424B01AB2A3220069016F /* Products */,
			);
			sourceTree = "<group>";
		};
		BE3424B01AB2A3220069016F /* Products */ = {
			isa = PBXGroup;
			children = (
				BE3424AF1AB2A3220069016F /* WatchKitUI.app */,
				BE3424C41AB2A3220069016F /* WatchKitUITests.xctest */,
				BE3424DC1AB2A4660069016F /* WatchKitUI WatchKit Extension.appex */,
				BE3424E61AB2A4660069016F /* WatchKitUI WatchKit App.app */,
			);
			name = Products;
			sourceTree = "<group>";
		};
		BE3424B11AB2A3220069016F /* WatchKitUI */ = {
			isa = PBXGroup;
			children = (
				BE3424B41AB2A3220069016F /* AppDelegate.swift */,
				BE3424B61AB2A3220069016F /* ViewController.swift */,
				BE3424B81AB2A3220069016F /* Main.storyboard */,
				BE3424BB1AB2A3220069016F /* Images.xcassets */,
				BE3424BD1AB2A3220069016F /* LaunchScreen.xib */,
				BE3424B21AB2A3220069016F /* Supporting Files */,
			);
			path = WatchKitUI;
			sourceTree = "<group>";
		};
		BE3424B21AB2A3220069016F /* Supporting Files */ = {
			isa = PBXGroup;
			children = (
				BE3424B31AB2A3220069016F /* Info.plist */,
			);
			name = "Supporting Files";
			sourceTree = "<group>";
		};
		BE3424C71AB2A3220069016F /* WatchKitUITests */ = {
			isa = PBXGroup;
			children = (
				BE3424CA1AB2A3220069016F /* WatchKitUITests.swift */,
				BE3424C81AB2A3220069016F /* Supporting Files */,
			);
			path = WatchKitUITests;
			sourceTree = "<group>";
		};
		BE3424C81AB2A3220069016F /* Supporting Files */ = {
			isa = PBXGroup;
			children = (
				BE3424C91AB2A3220069016F /* Info.plist */,
			);
			name = "Supporting Files";
			sourceTree = "<group>";
		};
		BE3424DD1AB2A4660069016F /* WatchKitUI WatchKit Extension */ = {
			isa = PBXGroup;
			children = (
				BE3424E01AB2A4660069016F /* InterfaceController.swift */,
				BE3424E21AB2A4660069016F /* Images.xcassets */,
				BE3424DE1AB2A4660069016F /* Supporting Files */,
			);
			path = "WatchKitUI WatchKit Extension";
			sourceTree = "<group>";
		};
		BE3424DE1AB2A4660069016F /* Supporting Files */ = {
			isa = PBXGroup;
			children = (
				BE3424DF1AB2A4660069016F /* Info.plist */,
			);
			name = "Supporting Files";
			sourceTree = "<group>";
		};
		BE3424EA1AB2A4660069016F /* WatchKitUI WatchKit App */ = {
			isa = PBXGroup;
			children = (
				BE3424ED1AB2A4660069016F /* Interface.storyboard */,
				BE3424F01AB2A4660069016F /* Images.xcassets */,
				BE3424EB1AB2A4660069016F /* Supporting Files */,
			);
			path = "WatchKitUI WatchKit App";
			sourceTree = "<group>";
		};
		BE3424EB1AB2A4660069016F /* Supporting Files */ = {
			isa = PBXGroup;
			children = (
				BE3424EC1AB2A4660069016F /* Info.plist */,
			);
			name = "Supporting Files";
			sourceTree = "<group>";
		};
/* End PBXGroup section */

/* Begin PBXNativeTarget section */
		BE3424AE1AB2A3220069016F /* WatchKitUI */ = {
			isa = PBXNativeTarget;
			buildConfigurationList = BE3424CE1AB2A3220069016F /* Build configuration list for PBXNativeTarget "WatchKitUI" */;
			buildPhases = (
				BE3424AB1AB2A3220069016F /* Sources */,
				BE3424AC1AB2A3220069016F /* Frameworks */,
				BE3424AD1AB2A3220069016F /* Resources */,
				BE3424FB1AB2A4660069016F /* Embed App Extensions */,
			);
			buildRules = (
			);
			dependencies = (
				BE3424F31AB2A4660069016F /* PBXTargetDependency */,
			);
			name = WatchKitUI;
			productName = WatchKitUI;
			productReference = BE3424AF1AB2A3220069016F /* WatchKitUI.app */;
			productType = "com.apple.product-type.application";
		};
		BE3424C31AB2A3220069016F /* WatchKitUITests */ = {
			isa = PBXNativeTarget;
			buildConfigurationList = BE3424D11AB2A3220069016F /* Build configuration list for PBXNativeTarget "WatchKitUITests" */;
			buildPhases = (
				BE3424C01AB2A3220069016F /* Sources */,
				BE3424C11AB2A3220069016F /* Frameworks */,
				BE3424C21AB2A3220069016F /* Resources */,
			);
			buildRules = (
			);
			dependencies = (
				BE3424C61AB2A3220069016F /* PBXTargetDependency */,
			);
			name = WatchKitUITests;
			productName = WatchKitUITests;
			productReference = BE3424C41AB2A3220069016F /* WatchKitUITests.xctest */;
			productType = "com.apple.product-type.bundle.unit-test";
		};
		BE3424DB1AB2A4660069016F /* WatchKitUI WatchKit Extension */ = {
			isa = PBXNativeTarget;
			buildConfigurationList = BE3424F81AB2A4660069016F /* Build configuration list for PBXNativeTarget "WatchKitUI WatchKit Extension" */;
			buildPhases = (
				BE3424D81AB2A4660069016F /* Sources */,
				BE3424D91AB2A4660069016F /* Frameworks */,
				BE3424DA1AB2A4660069016F /* Resources */,
			);
			buildRules = (
			);
			dependencies = (
				BE3424E91AB2A4660069016F /* PBXTargetDependency */,
			);
			name = "WatchKitUI WatchKit Extension";
			productName = "WatchKitUI WatchKit Extension";
			productReference = BE3424DC1AB2A4660069016F /* WatchKitUI WatchKit Extension.appex */;
			productType = "com.apple.product-type.watchkit-extension";
		};
		BE3424E51AB2A4660069016F /* WatchKitUI WatchKit App */ = {
			isa = PBXNativeTarget;
			buildConfigurationList = BE3424F51AB2A4660069016F /* Build configuration list for PBXNativeTarget "WatchKitUI WatchKit App" */;
			buildPhases = (
				BE3424E41AB2A4660069016F /* Resources */,
			);
			buildRules = (
			);
			dependencies = (
			);
			name = "WatchKitUI WatchKit App";
			productName = "WatchKitUI WatchKit App";
			productReference = BE3424E61AB2A4660069016F /* WatchKitUI WatchKit App.app */;
			productType = "com.apple.product-type.application.watchapp";
		};
/* End PBXNativeTarget section */

/* Begin PBXProject section */
		BE3424A71AB2A3220069016F /* Project object */ = {
			isa = PBXProject;
			attributes = {
				LastUpgradeCheck = 0620;
				ORGANIZATIONNAME = "Kenneth Wilcox";
				TargetAttributes = {
					BE3424AE1AB2A3220069016F = {
						CreatedOnToolsVersion = 6.2;
					};
					BE3424C31AB2A3220069016F = {
						CreatedOnToolsVersion = 6.2;
						TestTargetID = BE3424AE1AB2A3220069016F;
					};
					BE3424DB1AB2A4660069016F = {
						CreatedOnToolsVersion = 6.2;
					};
					BE3424E51AB2A4660069016F = {
						CreatedOnToolsVersion = 6.2;
					};
				};
			};
			buildConfigurationList = BE3424AA1AB2A3220069016F /* Build configuration list for PBXProject "WatchKitUI" */;
			compatibilityVersion = "Xcode 3.2";
			developmentRegion = English;
			hasScannedForEncodings = 0;
			knownRegions = (
				en,
				Base,
			);
			mainGroup = BE3424A61AB2A3220069016F;
			productRefGroup = BE3424B01AB2A3220069016F /* Products */;
			projectDirPath = "";
			projectRoot = "";
			targets = (
				BE3424AE1AB2A3220069016F /* WatchKitUI */,
				BE3424C31AB2A3220069016F /* WatchKitUITests */,
				BE3424DB1AB2A4660069016F /* WatchKitUI WatchKit Extension */,
				BE3424E51AB2A4660069016F /* WatchKitUI WatchKit App */,
			);
		};
/* End PBXProject section */

/* Begin PBXResourcesBuildPhase section */
		BE3424AD1AB2A3220069016F /* Resources */ = {
			isa = PBXResourcesBuildPhase;
			buildActionMask = 2147483647;
			files = (
				BE3424BA1AB2A3220069016F /* Main.storyboard in Resources */,
				BE3424BF1AB2A3220069016F /* LaunchScreen.xib in Resources */,
				BE3424D61AB2A3EE0069016F /* LICENSE in Resources */,
				BE3424BC1AB2A3220069016F /* Images.xcassets in Resources */,
			);
			runOnlyForDeploymentPostprocessing = 0;
		};
		BE3424C21AB2A3220069016F /* Resources */ = {
			isa = PBXResourcesBuildPhase;
			buildActionMask = 2147483647;
			files = (
			);
			runOnlyForDeploymentPostprocessing = 0;
		};
		BE3424DA1AB2A4660069016F /* Resources */ = {
			isa = PBXResourcesBuildPhase;
			buildActionMask = 2147483647;
			files = (
				BE3424E31AB2A4660069016F /* Images.xcassets in Resources */,
				BE3424E71AB2A4660069016F /* WatchKitUI WatchKit App.app in Resources */,
			);
			runOnlyForDeploymentPostprocessing = 0;
		};
		BE3424E41AB2A4660069016F /* Resources */ = {
			isa = PBXResourcesBuildPhase;
			buildActionMask = 2147483647;
			files = (
				BE3424EF1AB2A4660069016F /* Interface.storyboard in Resources */,
				BE3424F11AB2A4660069016F /* Images.xcassets in Resources */,
			);
			runOnlyForDeploymentPostprocessing = 0;
		};
/* End PBXResourcesBuildPhase section */

/* Begin PBXSourcesBuildPhase section */
		BE3424AB1AB2A3220069016F /* Sources */ = {
			isa = PBXSourcesBuildPhase;
			buildActionMask = 2147483647;
			files = (
				BE3424B71AB2A3220069016F /* ViewController.swift in Sources */,
				BE3424B51AB2A3220069016F /* AppDelegate.swift in Sources */,
			);
			runOnlyForDeploymentPostprocessing = 0;
		};
		BE3424C01AB2A3220069016F /* Sources */ = {
			isa = PBXSourcesBuildPhase;
			buildActionMask = 2147483647;
			files = (
				BE3424CB1AB2A3220069016F /* WatchKitUITests.swift in Sources */,
			);
			runOnlyForDeploymentPostprocessing = 0;
		};
		BE3424D81AB2A4660069016F /* Sources */ = {
			isa = PBXSourcesBuildPhase;
			buildActionMask = 2147483647;
			files = (
				BE3424E11AB2A4660069016F /* InterfaceController.swift in Sources */,
			);
			runOnlyForDeploymentPostprocessing = 0;
		};
/* End PBXSourcesBuildPhase section */

/* Begin PBXTargetDependency section */
		BE3424C61AB2A3220069016F /* PBXTargetDependency */ = {
			isa = PBXTargetDependency;
			target = BE3424AE1AB2A3220069016F /* WatchKitUI */;
			targetProxy = BE3424C51AB2A3220069016F /* PBXContainerItemProxy */;
		};
		BE3424E91AB2A4660069016F /* PBXTargetDependency */ = {
			isa = PBXTargetDependency;
			target = BE3424E51AB2A4660069016F /* WatchKitUI WatchKit App */;
			targetProxy = BE3424E81AB2A4660069016F /* PBXContainerItemProxy */;
		};
		BE3424F31AB2A4660069016F /* PBXTargetDependency */ = {
			isa = PBXTargetDependency;
			target = BE3424DB1AB2A4660069016F /* WatchKitUI WatchKit Extension */;
			targetProxy = BE3424F21AB2A4660069016F /* PBXContainerItemProxy */;
		};
/* End PBXTargetDependency section */

/* Begin PBXVariantGroup section */
		BE3424B81AB2A3220069016F /* Main.storyboard */ = {
			isa = PBXVariantGroup;
			children = (
				BE3424B91AB2A3220069016F /* Base */,
			);
			name = Main.storyboard;
			sourceTree = "<group>";
		};
		BE3424BD1AB2A3220069016F /* LaunchScreen.xib */ = {
			isa = PBXVariantGroup;
			children = (
				BE3424BE1AB2A3220069016F /* Base */,
			);
			name = LaunchScreen.xib;
			sourceTree = "<group>";
		};
		BE3424ED1AB2A4660069016F /* Interface.storyboard */ = {
			isa = PBXVariantGroup;
			children = (
				BE3424EE1AB2A4660069016F /* Base */,
			);
			name = Interface.storyboard;
			sourceTree = "<group>";
		};
/* End PBXVariantGroup section */

/* Begin XCBuildConfiguration section */
		BE3424CC1AB2A3220069016F /* Debug */ = {
			isa = XCBuildConfiguration;
			buildSettings = {
				ALWAYS_SEARCH_USER_PATHS = NO;
				CLANG_CXX_LANGUAGE_STANDARD = "gnu++0x";
				CLANG_CXX_LIBRARY = "libc++";
				CLANG_ENABLE_MODULES = YES;
				CLANG_ENABLE_OBJC_ARC = YES;
				CLANG_WARN_BOOL_CONVERSION = YES;
				CLANG_WARN_CONSTANT_CONVERSION = YES;
				CLANG_WARN_DIRECT_OBJC_ISA_USAGE = YES_ERROR;
				CLANG_WARN_EMPTY_BODY = YES;
				CLANG_WARN_ENUM_CONVERSION = YES;
				CLANG_WARN_INT_CONVERSION = YES;
				CLANG_WARN_OBJC_ROOT_CLASS = YES_ERROR;
				CLANG_WARN_UNREACHABLE_CODE = YES;
				CLANG_WARN__DUPLICATE_METHOD_MATCH = YES;
				"CODE_SIGN_IDENTITY[sdk=iphoneos*]" = "iPhone Developer";
				COPY_PHASE_STRIP = NO;
				ENABLE_STRICT_OBJC_MSGSEND = YES;
				GCC_C_LANGUAGE_STANDARD = gnu99;
				GCC_DYNAMIC_NO_PIC = NO;
				GCC_OPTIMIZATION_LEVEL = 0;
				GCC_PREPROCESSOR_DEFINITIONS = (
					"DEBUG=1",
					"$(inherited)",
				);
				GCC_SYMBOLS_PRIVATE_EXTERN = NO;
				GCC_WARN_64_TO_32_BIT_CONVERSION = YES;
				GCC_WARN_ABOUT_RETURN_TYPE = YES_ERROR;
				GCC_WARN_UNDECLARED_SELECTOR = YES;
				GCC_WARN_UNINITIALIZED_AUTOS = YES_AGGRESSIVE;
				GCC_WARN_UNUSED_FUNCTION = YES;
				GCC_WARN_UNUSED_VARIABLE = YES;
				IPHONEOS_DEPLOYMENT_TARGET = 8.2;
				MTL_ENABLE_DEBUG_INFO = YES;
				ONLY_ACTIVE_ARCH = YES;
				SDKROOT = iphoneos;
				SWIFT_OPTIMIZATION_LEVEL = "-Onone";
				TARGETED_DEVICE_FAMILY = "1,2";
			};
			name = Debug;
		};
		BE3424CD1AB2A3220069016F /* Release */ = {
			isa = XCBuildConfiguration;
			buildSettings = {
				ALWAYS_SEARCH_USER_PATHS = NO;
				CLANG_CXX_LANGUAGE_STANDARD = "gnu++0x";
				CLANG_CXX_LIBRARY = "libc++";
				CLANG_ENABLE_MODULES = YES;
				CLANG_ENABLE_OBJC_ARC = YES;
				CLANG_WARN_BOOL_CONVERSION = YES;
				CLANG_WARN_CONSTANT_CONVERSION = YES;
				CLANG_WARN_DIRECT_OBJC_ISA_USAGE = YES_ERROR;
				CLANG_WARN_EMPTY_BODY = YES;
				CLANG_WARN_ENUM_CONVERSION = YES;
				CLANG_WARN_INT_CONVERSION = YES;
				CLANG_WARN_OBJC_ROOT_CLASS = YES_ERROR;
				CLANG_WARN_UNREACHABLE_CODE = YES;
				CLANG_WARN__DUPLICATE_METHOD_MATCH = YES;
				"CODE_SIGN_IDENTITY[sdk=iphoneos*]" = "iPhone Developer";
				COPY_PHASE_STRIP = NO;
				ENABLE_NS_ASSERTIONS = NO;
				ENABLE_STRICT_OBJC_MSGSEND = YES;
				GCC_C_LANGUAGE_STANDARD = gnu99;
				GCC_WARN_64_TO_32_BIT_CONVERSION = YES;
				GCC_WARN_ABOUT_RETURN_TYPE = YES_ERROR;
				GCC_WARN_UNDECLARED_SELECTOR = YES;
				GCC_WARN_UNINITIALIZED_AUTOS = YES_AGGRESSIVE;
				GCC_WARN_UNUSED_FUNCTION = YES;
				GCC_WARN_UNUSED_VARIABLE = YES;
				IPHONEOS_DEPLOYMENT_TARGET = 8.2;
				MTL_ENABLE_DEBUG_INFO = NO;
				SDKROOT = iphoneos;
				TARGETED_DEVICE_FAMILY = "1,2";
				VALIDATE_PRODUCT = YES;
			};
			name = Release;
		};
		BE3424CF1AB2A3220069016F /* Debug */ = {
			isa = XCBuildConfiguration;
			buildSettings = {
				ASSETCATALOG_COMPILER_APPICON_NAME = AppIcon;
				EMBEDDED_CONTENT_CONTAINS_SWIFT = YES;
				INFOPLIST_FILE = WatchKitUI/Info.plist;
				LD_RUNPATH_SEARCH_PATHS = "$(inherited) @executable_path/Frameworks";
				PRODUCT_NAME = "$(TARGET_NAME)";
			};
			name = Debug;
		};
		BE3424D01AB2A3220069016F /* Release */ = {
			isa = XCBuildConfiguration;
			buildSettings = {
				ASSETCATALOG_COMPILER_APPICON_NAME = AppIcon;
				EMBEDDED_CONTENT_CONTAINS_SWIFT = YES;
				INFOPLIST_FILE = WatchKitUI/Info.plist;
				LD_RUNPATH_SEARCH_PATHS = "$(inherited) @executable_path/Frameworks";
				PRODUCT_NAME = "$(TARGET_NAME)";
			};
			name = Release;
		};
		BE3424D21AB2A3220069016F /* Debug */ = {
			isa = XCBuildConfiguration;
			buildSettings = {
				BUNDLE_LOADER = "$(TEST_HOST)";
				FRAMEWORK_SEARCH_PATHS = (
					"$(SDKROOT)/Developer/Library/Frameworks",
					"$(inherited)",
				);
				GCC_PREPROCESSOR_DEFINITIONS = (
					"DEBUG=1",
					"$(inherited)",
				);
				INFOPLIST_FILE = WatchKitUITests/Info.plist;
				LD_RUNPATH_SEARCH_PATHS = "$(inherited) @executable_path/Frameworks @loader_path/Frameworks";
				PRODUCT_NAME = "$(TARGET_NAME)";
				TEST_HOST = "$(BUILT_PRODUCTS_DIR)/WatchKitUI.app/WatchKitUI";
			};
			name = Debug;
		};
		BE3424D31AB2A3220069016F /* Release */ = {
			isa = XCBuildConfiguration;
			buildSettings = {
				BUNDLE_LOADER = "$(TEST_HOST)";
				FRAMEWORK_SEARCH_PATHS = (
					"$(SDKROOT)/Developer/Library/Frameworks",
					"$(inherited)",
				);
				INFOPLIST_FILE = WatchKitUITests/Info.plist;
				LD_RUNPATH_SEARCH_PATHS = "$(inherited) @executable_path/Frameworks @loader_path/Frameworks";
				PRODUCT_NAME = "$(TARGET_NAME)";
				TEST_HOST = "$(BUILT_PRODUCTS_DIR)/WatchKitUI.app/WatchKitUI";
			};
			name = Release;
		};
		BE3424F61AB2A4660069016F /* Debug */ = {
			isa = XCBuildConfiguration;
			buildSettings = {
				ASSETCATALOG_COMPILER_APPICON_NAME = AppIcon;
				GCC_PREPROCESSOR_DEFINITIONS = (
					"DEBUG=1",
					"$(inherited)",
				);
				IBSC_MODULE = WatchKitUI_WatchKit_Extension;
				INFOPLIST_FILE = "WatchKitUI WatchKit App/Info.plist";
				PRODUCT_NAME = "$(TARGET_NAME)";
				SKIP_INSTALL = YES;
				TARGETED_DEVICE_FAMILY = 4;
				"TARGETED_DEVICE_FAMILY[sdk=iphonesimulator*]" = "1,4";
			};
			name = Debug;
		};
		BE3424F71AB2A4660069016F /* Release */ = {
			isa = XCBuildConfiguration;
			buildSettings = {
				ASSETCATALOG_COMPILER_APPICON_NAME = AppIcon;
				IBSC_MODULE = WatchKitUI_WatchKit_Extension;
				INFOPLIST_FILE = "WatchKitUI WatchKit App/Info.plist";
				PRODUCT_NAME = "$(TARGET_NAME)";
				SKIP_INSTALL = YES;
				TARGETED_DEVICE_FAMILY = 4;
				"TARGETED_DEVICE_FAMILY[sdk=iphonesimulator*]" = "1,4";
			};
			name = Release;
		};
		BE3424F91AB2A4660069016F /* Debug */ = {
			isa = XCBuildConfiguration;
			buildSettings = {
				GCC_PREPROCESSOR_DEFINITIONS = (
					"DEBUG=1",
					"$(inherited)",
				);
				INFOPLIST_FILE = "WatchKitUI WatchKit Extension/Info.plist";
				LD_RUNPATH_SEARCH_PATHS = "$(inherited) @executable_path/Frameworks @executable_path/../../Frameworks";
				PRODUCT_NAME = "${TARGET_NAME}";
				SKIP_INSTALL = YES;
			};
			name = Debug;
		};
		BE3424FA1AB2A4660069016F /* Release */ = {
			isa = XCBuildConfiguration;
			buildSettings = {
				INFOPLIST_FILE = "WatchKitUI WatchKit Extension/Info.plist";
				LD_RUNPATH_SEARCH_PATHS = "$(inherited) @executable_path/Frameworks @executable_path/../../Frameworks";
				PRODUCT_NAME = "${TARGET_NAME}";
				SKIP_INSTALL = YES;
			};
			name = Release;
		};
/* End XCBuildConfiguration section */

/* Begin XCConfigurationList section */
		BE3424AA1AB2A3220069016F /* Build configuration list for PBXProject "WatchKitUI" */ = {
			isa = XCConfigurationList;
			buildConfigurations = (
				BE3424CC1AB2A3220069016F /* Debug */,
				BE3424CD1AB2A3220069016F /* Release */,
			);
			defaultConfigurationIsVisible = 0;
			defaultConfigurationName = Release;
		};
		BE3424CE1AB2A3220069016F /* Build configuration list for PBXNativeTarget "WatchKitUI" */ = {
			isa = XCConfigurationList;
			buildConfigurations = (
				BE3424CF1AB2A3220069016F /* Debug */,
				BE3424D01AB2A3220069016F /* Release */,
			);
			defaultConfigurationIsVisible = 0;
		};
		BE3424D11AB2A3220069016F /* Build configuration list for PBXNativeTarget "WatchKitUITests" */ = {
			isa = XCConfigurationList;
			buildConfigurations = (
				BE3424D21AB2A3220069016F /* Debug */,
				BE3424D31AB2A3220069016F /* Release */,
			);
			defaultConfigurationIsVisible = 0;
		};
		BE3424F51AB2A4660069016F /* Build configuration list for PBXNativeTarget "WatchKitUI WatchKit App" */ = {
			isa = XCConfigurationList;
			buildConfigurations = (
				BE3424F61AB2A4660069016F /* Debug */,
				BE3424F71AB2A4660069016F /* Release */,
			);
			defaultConfigurationIsVisible = 0;
		};
		BE3424F81AB2A4660069016F /* Build configuration list for PBXNativeTarget "WatchKitUI WatchKit Extension" */ = {
			isa = XCConfigurationList;
			buildConfigurations = (
				BE3424F91AB2A4660069016F /* Debug */,
				BE3424FA1AB2A4660069016F /* Release */,
			);
			defaultConfigurationIsVisible = 0;
		};
/* End XCConfigurationList section */
	};
	rootObject = BE3424A71AB2A3220069016F /* Project object */;
}
